
Microsoft Visual Studio Solution File, Format Version 12.00
# Visual Studio Version 16
VisualStudioVersion = 16.0.30114.105
MinimumVisualStudioVersion = 10.0.40219.1
Project("{FAE04EC0-301F-11D3-BF4B-00C04F79EFBC}") = "Muleki.Domain", "Muleki.Domain\Muleki.Domain.csproj", "{F613396E-D3A0-4C70-BDD4-7EA1C0DEDB64}"
EndProject
Project("{FAE04EC0-301F-11D3-BF4B-00C04F79EFBC}") = "Muleki.Common", "Muleki.Common\Muleki.Common.csproj", "{62273094-BEDC-4FEB-A9CE-68286D38BFAC}"
EndProject
Project("{FAE04EC0-301F-11D3-BF4B-00C04F79EFBC}") = "Muleki.Infra", "Muleki.Infra\Muleki.Infra.csproj", "{0C83F5E5-228C-4A2C-BD95-9F06E4F258A6}"
EndProject
Project("{FAE04EC0-301F-11D3-BF4B-00C04F79EFBC}") = "Muleki.Service", "Muleki.Service\Muleki.Service.csproj", "{EEF1D201-7547-43AD-AC1B-78C7E58B24AF}"
EndProject
Project("{FAE04EC0-301F-11D3-BF4B-00C04F79EFBC}") = "Muleki.Security", "Muleki.Security\Muleki.Security.csproj", "{1AB7D176-7065-4C06-B334-DDE51FBCF9F1}"
EndProject
Global
	GlobalSection(SolutionConfigurationPlatforms) = preSolution
		Debug|Any CPU = Debug|Any CPU
		Release|Any CPU = Release|Any CPU
	EndGlobalSection
	GlobalSection(SolutionProperties) = preSolution
		HideSolutionNode = FALSE
	EndGlobalSection
	GlobalSection(ProjectConfigurationPlatforms) = postSolution
		{F613396E-D3A0-4C70-BDD4-7EA1C0DEDB64}.Debug|Any CPU.ActiveCfg = Debug|Any CPU
		{F613396E-D3A0-4C70-BDD4-7EA1C0DEDB64}.Debug|Any CPU.Build.0 = Debug|Any CPU
		{F613396E-D3A0-4C70-BDD4-7EA1C0DEDB64}.Release|Any CPU.ActiveCfg = Release|Any CPU
		{F613396E-D3A0-4C70-BDD4-7EA1C0DEDB64}.Release|Any CPU.Build.0 = Release|Any CPU
		{513A76CA-B3CD-49ED-9E7C-53A9193DA84E}.Debug|Any CPU.ActiveCfg = Debug|Any CPU
		{513A76CA-B3CD-49ED-9E7C-53A9193DA84E}.Debug|Any CPU.Build.0 = Debug|Any CPU
		{513A76CA-B3CD-49ED-9E7C-53A9193DA84E}.Release|Any CPU.ActiveCfg = Release|Any CPU
		{513A76CA-B3CD-49ED-9E7C-53A9193DA84E}.Release|Any CPU.Build.0 = Release|Any CPU
		{62273094-BEDC-4FEB-A9CE-68286D38BFAC}.Debug|Any CPU.ActiveCfg = Debug|Any CPU
		{62273094-BEDC-4FEB-A9CE-68286D38BFAC}.Debug|Any CPU.Build.0 = Debug|Any CPU
		{62273094-BEDC-4FEB-A9CE-68286D38BFAC}.Release|Any CPU.ActiveCfg = Release|Any CPU
		{62273094-BEDC-4FEB-A9CE-68286D38BFAC}.Release|Any CPU.Build.0 = Release|Any CPU
		{0C83F5E5-228C-4A2C-BD95-9F06E4F258A6}.Debug|Any CPU.ActiveCfg = Debug|Any CPU
		{0C83F5E5-228C-4A2C-BD95-9F06E4F258A6}.Debug|Any CPU.Build.0 = Debug|Any CPU
		{0C83F5E5-228C-4A2C-BD95-9F06E4F258A6}.Release|Any CPU.ActiveCfg = Release|Any CPU
		{0C83F5E5-228C-4A2C-BD95-9F06E4F258A6}.Release|Any CPU.Build.0 = Release|Any CPU
		{EEF1D201-7547-43AD-AC1B-78C7E58B24AF}.Debug|Any CPU.ActiveCfg = Debug|Any CPU
		{EEF1D201-7547-43AD-AC1B-78C7E58B24AF}.Debug|Any CPU.Build.0 = Debug|Any CPU
		{EEF1D201-7547-43AD-AC1B-78C7E58B24AF}.Release|Any CPU.ActiveCfg = Release|Any CPU
		{EEF1D201-7547-43AD-AC1B-78C7E58B24AF}.Release|Any CPU.Build.0 = Release|Any CPU
		{1AB7D176-7065-4C06-B334-DDE51FBCF9F1}.Debug|Any CPU.ActiveCfg = Debug|Any CPU
		{1AB7D176-7065-4C06-B334-DDE51FBCF9F1}.Debug|Any CPU.Build.0 = Debug|Any CPU
		{1AB7D176-7065-4C06-B334-DDE51FBCF9F1}.Release|Any CPU.ActiveCfg = Release|Any CPU
		{1AB7D176-7065-4C06-B334-DDE51FBCF9F1}.Release|Any CPU.Build.0 = Release|Any CPU
	EndGlobalSection
EndGlobal
